
Microsoft Visual Studio Solution File, Format Version 12.00
# Visual Studio Version 16
VisualStudioVersion = 16.0.31402.337
MinimumVisualStudioVersion = 10.0.40219.1
Project("{888888A0-9F3D-457C-B088-3A5042F75D52}") = "Neural Network Example", "Neural Network Example\Neural Network Example.pyproj", "{5A1E54CE-1D5B-455E-AE0C-78FB82CE5247}"
EndProject
Global
	GlobalSection(SolutionConfigurationPlatforms) = preSolution
		Debug|Any CPU = Debug|Any CPU
		Release|Any CPU = Release|Any CPU
	EndGlobalSection
	GlobalSection(ProjectConfigurationPlatforms) = postSolution
		{5A1E54CE-1D5B-455E-AE0C-78FB82CE5247}.Debug|Any CPU.ActiveCfg = Debug|Any CPU
		{5A1E54CE-1D5B-455E-AE0C-78FB82CE5247}.Release|Any CPU.ActiveCfg = Release|Any CPU
	EndGlobalSection
	GlobalSection(SolutionProperties) = preSolution
		HideSolutionNode = FALSE
	EndGlobalSection
	GlobalSection(ExtensibilityGlobals) = postSolution
		SolutionGuid = {18A541B5-A573-42DF-B134-2B67CE2DA8C6}
	EndGlobalSection
EndGlobal
